
Microsoft Visual Studio Solution File, Format Version 12.00
# Visual Studio Version 17
VisualStudioVersion = 17.5.002.0
MinimumVisualStudioVersion = 10.0.40219.1
Project("{9A19103F-16F7-4668-BE54-9A1E7A4F7556}") = "GrpcCqrs101", "GrpcCqrs101.csproj", "{70F201FC-3ECC-4E76-BDD7-B05EF330BFD5}"
EndProject
Global
	GlobalSection(SolutionConfigurationPlatforms) = preSolution
		Debug|Any CPU = Debug|Any CPU
		Release|Any CPU = Release|Any CPU
	EndGlobalSection
	GlobalSection(ProjectConfigurationPlatforms) = postSolution
		{70F201FC-3ECC-4E76-BDD7-B05EF330BFD5}.Debug|Any CPU.ActiveCfg = Debug|Any CPU
		{70F201FC-3ECC-4E76-BDD7-B05EF330BFD5}.Debug|Any CPU.Build.0 = Debug|Any CPU
		{70F201FC-3ECC-4E76-BDD7-B05EF330BFD5}.Release|Any CPU.ActiveCfg = Release|Any CPU
		{70F201FC-3ECC-4E76-BDD7-B05EF330BFD5}.Release|Any CPU.Build.0 = Release|Any CPU
	EndGlobalSection
	GlobalSection(SolutionProperties) = preSolution
		HideSolutionNode = FALSE
	EndGlobalSection
	GlobalSection(ExtensibilityGlobals) = postSolution
		SolutionGuid = {019C75DF-5B96-48AF-9CB6-E6F83C22E59B}
	EndGlobalSection
EndGlobal
