
Microsoft Visual Studio Solution File, Format Version 12.00
# Visual Studio Version 17
VisualStudioVersion = 17.5.002.0
MinimumVisualStudioVersion = 10.0.40219.1
Project("{9A19103F-16F7-4668-BE54-9A1E7A4F7556}") = "GrpcCqrs101", "GrpcCqrs101.csproj", "{16F1CC11-57D0-42AF-BA4E-5528BA01A589}"
EndProject
Global
	GlobalSection(SolutionConfigurationPlatforms) = preSolution
		Debug|Any CPU = Debug|Any CPU
		Release|Any CPU = Release|Any CPU
	EndGlobalSection
	GlobalSection(ProjectConfigurationPlatforms) = postSolution
		{16F1CC11-57D0-42AF-BA4E-5528BA01A589}.Debug|Any CPU.ActiveCfg = Debug|Any CPU
		{16F1CC11-57D0-42AF-BA4E-5528BA01A589}.Debug|Any CPU.Build.0 = Debug|Any CPU
		{16F1CC11-57D0-42AF-BA4E-5528BA01A589}.Release|Any CPU.ActiveCfg = Release|Any CPU
		{16F1CC11-57D0-42AF-BA4E-5528BA01A589}.Release|Any CPU.Build.0 = Release|Any CPU
	EndGlobalSection
	GlobalSection(SolutionProperties) = preSolution
		HideSolutionNode = FALSE
	EndGlobalSection
	GlobalSection(ExtensibilityGlobals) = postSolution
		SolutionGuid = {DEEE3728-1247-49C3-9DC0-A8008D8E35B7}
	EndGlobalSection
EndGlobal
